
Microsoft Visual Studio Solution File, Format Version 12.00
# Visual Studio Version 16
VisualStudioVersion = 16.0.29613.14
MinimumVisualStudioVersion = 10.0.40219.1
Project("{9A19103F-16F7-4668-BE54-9A1E7A4F7556}") = "SudokuMultiplayerBackend", "SudokuMultiplayerBackend\SudokuMultiplayerBackend.csproj", "{3DF9FACC-FFFB-47DB-B1DF-08350D496EFF}"
EndProject
Project("{9A19103F-16F7-4668-BE54-9A1E7A4F7556}") = "SudokuMultiplayerBackend.Tests", "SudokuMultiplayerBackend.Tests\SudokuMultiplayerBackend.Tests.csproj", "{BF0CC190-95B6-41DC-B700-8B6E9E615239}"
EndProject
Global
	GlobalSection(SolutionConfigurationPlatforms) = preSolution
		Debug|Any CPU = Debug|Any CPU
		Release|Any CPU = Release|Any CPU
	EndGlobalSection
	GlobalSection(ProjectConfigurationPlatforms) = postSolution
		{3DF9FACC-FFFB-47DB-B1DF-08350D496EFF}.Debug|Any CPU.ActiveCfg = Debug|Any CPU
		{3DF9FACC-FFFB-47DB-B1DF-08350D496EFF}.Debug|Any CPU.Build.0 = Debug|Any CPU
		{3DF9FACC-FFFB-47DB-B1DF-08350D496EFF}.Release|Any CPU.ActiveCfg = Release|Any CPU
		{3DF9FACC-FFFB-47DB-B1DF-08350D496EFF}.Release|Any CPU.Build.0 = Release|Any CPU
		{BF0CC190-95B6-41DC-B700-8B6E9E615239}.Debug|Any CPU.ActiveCfg = Debug|Any CPU
		{BF0CC190-95B6-41DC-B700-8B6E9E615239}.Debug|Any CPU.Build.0 = Debug|Any CPU
		{BF0CC190-95B6-41DC-B700-8B6E9E615239}.Release|Any CPU.ActiveCfg = Release|Any CPU
		{BF0CC190-95B6-41DC-B700-8B6E9E615239}.Release|Any CPU.Build.0 = Release|Any CPU
	EndGlobalSection
	GlobalSection(SolutionProperties) = preSolution
		HideSolutionNode = FALSE
	EndGlobalSection
	GlobalSection(ExtensibilityGlobals) = postSolution
		SolutionGuid = {7C9510E6-00BF-4E35-88CD-4DD093BF69B0}
	EndGlobalSection
EndGlobal
